
Microsoft Visual Studio Solution File, Format Version 12.00
# Visual Studio 15
Project("{FAE04EC0-301F-11D3-BF4B-00C04F79EFBC}") = "Assembly-CSharp", "Assembly-CSharp.csproj", "{E9CCB128-B878-C916-7739-59E8D3F75C77}"
EndProject
Project("{FAE04EC0-301F-11D3-BF4B-00C04F79EFBC}") = "Assembly-CSharp-Editor", "Assembly-CSharp-Editor.csproj", "{908724D7-9E8A-4D05-19FA-12AA9682FEF0}"
EndProject
Global
	GlobalSection(SolutionConfigurationPlatforms) = preSolution
		Debug|Any CPU = Debug|Any CPU
		Release|Any CPU = Release|Any CPU
	EndGlobalSection
	GlobalSection(ProjectConfigurationPlatforms) = postSolution
		{E9CCB128-B878-C916-7739-59E8D3F75C77}.Debug|Any CPU.ActiveCfg = Debug|Any CPU
		{E9CCB128-B878-C916-7739-59E8D3F75C77}.Debug|Any CPU.Build.0 = Debug|Any CPU
		{E9CCB128-B878-C916-7739-59E8D3F75C77}.Release|Any CPU.ActiveCfg = Release|Any CPU
		{E9CCB128-B878-C916-7739-59E8D3F75C77}.Release|Any CPU.Build.0 = Release|Any CPU
		{908724D7-9E8A-4D05-19FA-12AA9682FEF0}.Debug|Any CPU.ActiveCfg = Debug|Any CPU
		{908724D7-9E8A-4D05-19FA-12AA9682FEF0}.Debug|Any CPU.Build.0 = Debug|Any CPU
		{908724D7-9E8A-4D05-19FA-12AA9682FEF0}.Release|Any CPU.ActiveCfg = Release|Any CPU
		{908724D7-9E8A-4D05-19FA-12AA9682FEF0}.Release|Any CPU.Build.0 = Release|Any CPU
	EndGlobalSection
	GlobalSection(SolutionProperties) = preSolution
		HideSolutionNode = FALSE
	EndGlobalSection
EndGlobal
